
Microsoft Visual Studio Solution File, Format Version 12.00
# Visual Studio Version 17
VisualStudioVersion = 17.5.002.0
MinimumVisualStudioVersion = 10.0.40219.1
Project("{9A19103F-16F7-4668-BE54-9A1E7A4F7556}") = "Game", "Game\Game.csproj", "{86872E24-9092-4BAC-9505-0E3A45AD0D23}"
EndProject
Project("{9A19103F-16F7-4668-BE54-9A1E7A4F7556}") = "Unmanaged", "Unmanaged\Unmanaged.csproj", "{52362EF5-2169-49AC-9E9F-B04832160AB3}"
EndProject
Global
	GlobalSection(SolutionConfigurationPlatforms) = preSolution
		Debug|Any CPU = Debug|Any CPU
		Release|Any CPU = Release|Any CPU
	EndGlobalSection
	GlobalSection(ProjectConfigurationPlatforms) = postSolution
		{86872E24-9092-4BAC-9505-0E3A45AD0D23}.Debug|Any CPU.ActiveCfg = Debug|Any CPU
		{86872E24-9092-4BAC-9505-0E3A45AD0D23}.Debug|Any CPU.Build.0 = Debug|Any CPU
		{86872E24-9092-4BAC-9505-0E3A45AD0D23}.Release|Any CPU.ActiveCfg = Release|Any CPU
		{86872E24-9092-4BAC-9505-0E3A45AD0D23}.Release|Any CPU.Build.0 = Release|Any CPU
		{52362EF5-2169-49AC-9E9F-B04832160AB3}.Debug|Any CPU.ActiveCfg = Debug|Any CPU
		{52362EF5-2169-49AC-9E9F-B04832160AB3}.Debug|Any CPU.Build.0 = Debug|Any CPU
		{52362EF5-2169-49AC-9E9F-B04832160AB3}.Release|Any CPU.ActiveCfg = Release|Any CPU
		{52362EF5-2169-49AC-9E9F-B04832160AB3}.Release|Any CPU.Build.0 = Release|Any CPU
	EndGlobalSection
	GlobalSection(SolutionProperties) = preSolution
		HideSolutionNode = FALSE
	EndGlobalSection
	GlobalSection(ExtensibilityGlobals) = postSolution
		SolutionGuid = {5AF44230-68EF-4F25-9A46-3A1AE905546E}
	EndGlobalSection
EndGlobal
